# This file is automatically @generated by Poetry 1.5.1 and should not be changed by hand.

[[package]]
name = "joblib"
version = "1.3.2"
description = "Lightweight pipelining with Python functions"
optional = false
python-versions = ">=3.7"
files = [
    {file = "joblib-1.3.2-py3-none-any.whl", hash = "sha256:ef4331c65f239985f3f2220ecc87db222f08fd22097a3dd5698f693875f8cbb9"},
    {file = "joblib-1.3.2.tar.gz", hash = "sha256:92f865e621e17784e7955080b6d042489e3b8e294949cc44c6eac304f59772b1"},
]

[[package]]
name = "numpy"
version = "1.25.1"
description = "Fundamental package for array computing in Python"
optional = false
python-versions = ">=3.9"
files = [
    {file = "numpy-1.25.1-cp310-cp310-macosx_10_9_x86_64.whl", hash = "sha256:77d339465dff3eb33c701430bcb9c325b60354698340229e1dff97745e6b3efa"},
    {file = "numpy-1.25.1-cp310-cp310-macosx_11_0_arm64.whl", hash = "sha256:d736b75c3f2cb96843a5c7f8d8ccc414768d34b0a75f466c05f3a739b406f10b"},
    {file = "numpy-1.25.1-cp310-cp310-manylinux_2_17_aarch64.manylinux2014_aarch64.whl", hash = "sha256:4a90725800caeaa160732d6b31f3f843ebd45d6b5f3eec9e8cc287e30f2805bf"},
    {file = "numpy-1.25.1-cp310-cp310-manylinux_2_17_x86_64.manylinux2014_x86_64.whl", hash = "sha256:6c6c9261d21e617c6dc5eacba35cb68ec36bb72adcff0dee63f8fbc899362588"},
    {file = "numpy-1.25.1-cp310-cp310-musllinux_1_1_x86_64.whl", hash = "sha256:0def91f8af6ec4bb94c370e38c575855bf1d0be8a8fbfba42ef9c073faf2cf19"},
    {file = "numpy-1.25.1-cp310-cp310-win32.whl", hash = "sha256:fd67b306320dcadea700a8f79b9e671e607f8696e98ec255915c0c6d6b818503"},
    {file = "numpy-1.25.1-cp310-cp310-win_amd64.whl", hash = "sha256:c1516db588987450b85595586605742879e50dcce923e8973f79529651545b57"},
    {file = "numpy-1.25.1-cp311-cp311-macosx_10_9_x86_64.whl", hash = "sha256:6b82655dd8efeea69dbf85d00fca40013d7f503212bc5259056244961268b66e"},
    {file = "numpy-1.25.1-cp311-cp311-macosx_11_0_arm64.whl", hash = "sha256:e8f6049c4878cb16960fbbfb22105e49d13d752d4d8371b55110941fb3b17800"},
    {file = "numpy-1.25.1-cp311-cp311-manylinux_2_17_aarch64.manylinux2014_aarch64.whl", hash = "sha256:41a56b70e8139884eccb2f733c2f7378af06c82304959e174f8e7370af112e09"},
    {file = "numpy-1.25.1-cp311-cp311-manylinux_2_17_x86_64.manylinux2014_x86_64.whl", hash = "sha256:d5154b1a25ec796b1aee12ac1b22f414f94752c5f94832f14d8d6c9ac40bcca6"},
    {file = "numpy-1.25.1-cp311-cp311-musllinux_1_1_x86_64.whl", hash = "sha256:38eb6548bb91c421261b4805dc44def9ca1a6eef6444ce35ad1669c0f1a3fc5d"},
    {file = "numpy-1.25.1-cp311-cp311-win32.whl", hash = "sha256:791f409064d0a69dd20579345d852c59822c6aa087f23b07b1b4e28ff5880fcb"},
    {file = "numpy-1.25.1-cp311-cp311-win_amd64.whl", hash = "sha256:c40571fe966393b212689aa17e32ed905924120737194b5d5c1b20b9ed0fb171"},
    {file = "numpy-1.25.1-cp39-cp39-macosx_10_9_x86_64.whl", hash = "sha256:3d7abcdd85aea3e6cdddb59af2350c7ab1ed764397f8eec97a038ad244d2d105"},
    {file = "numpy-1.25.1-cp39-cp39-macosx_11_0_arm64.whl", hash = "sha256:1a180429394f81c7933634ae49b37b472d343cccb5bb0c4a575ac8bbc433722f"},
    {file = "numpy-1.25.1-cp39-cp39-manylinux_2_17_aarch64.manylinux2014_aarch64.whl", hash = "sha256:d412c1697c3853c6fc3cb9751b4915859c7afe6a277c2bf00acf287d56c4e625"},
    {file = "numpy-1.25.1-cp39-cp39-manylinux_2_17_x86_64.manylinux2014_x86_64.whl", hash = "sha256:20e1266411120a4f16fad8efa8e0454d21d00b8c7cee5b5ccad7565d95eb42dd"},
    {file = "numpy-1.25.1-cp39-cp39-musllinux_1_1_x86_64.whl", hash = "sha256:f76aebc3358ade9eacf9bc2bb8ae589863a4f911611694103af05346637df1b7"},
    {file = "numpy-1.25.1-cp39-cp39-win32.whl", hash = "sha256:247d3ffdd7775bdf191f848be8d49100495114c82c2bd134e8d5d075fb386a1c"},
    {file = "numpy-1.25.1-cp39-cp39-win_amd64.whl", hash = "sha256:1d5d3c68e443c90b38fdf8ef40e60e2538a27548b39b12b73132456847f4b631"},
    {file = "numpy-1.25.1-pp39-pypy39_pp73-macosx_10_9_x86_64.whl", hash = "sha256:35a9527c977b924042170a0887de727cd84ff179e478481404c5dc66b4170009"},
    {file = "numpy-1.25.1-pp39-pypy39_pp73-manylinux_2_17_x86_64.manylinux2014_x86_64.whl", hash = "sha256:0d3fe3dd0506a28493d82dc3cf254be8cd0d26f4008a417385cbf1ae95b54004"},
    {file = "numpy-1.25.1-pp39-pypy39_pp73-win_amd64.whl", hash = "sha256:012097b5b0d00a11070e8f2e261128c44157a8689f7dedcf35576e525893f4fe"},
    {file = "numpy-1.25.1.tar.gz", hash = "sha256:9a3a9f3a61480cc086117b426a8bd86869c213fc4072e606f01c4e4b66eb92bf"},
]

[[package]]
name = "pydot"
version = "1.4.2"
description = "Python interface to Graphviz's Dot"
optional = false
python-versions = ">=2.7, !=3.0.*, !=3.1.*, !=3.2.*, !=3.3.*"
files = [
    {file = "pydot-1.4.2-py2.py3-none-any.whl", hash = "sha256:66c98190c65b8d2e2382a441b4c0edfdb4f4c025ef9cb9874de478fb0793a451"},
    {file = "pydot-1.4.2.tar.gz", hash = "sha256:248081a39bcb56784deb018977e428605c1c758f10897a339fce1dd728ff007d"},
]

[package.dependencies]
pyparsing = ">=2.1.4"

[[package]]
name = "pyparsing"
version = "3.1.1"
description = "pyparsing module - Classes and methods to define and execute parsing grammars"
optional = false
python-versions = ">=3.6.8"
files = [
    {file = "pyparsing-3.1.1-py3-none-any.whl", hash = "sha256:32c7c0b711493c72ff18a981d24f28aaf9c1fb7ed5e9667c9e84e3db623bdbfb"},
    {file = "pyparsing-3.1.1.tar.gz", hash = "sha256:ede28a1a32462f5a9705e07aea48001a08f7cf81a021585011deba701581a0db"},
]

[package.extras]
diagrams = ["jinja2", "railroad-diagrams"]

[[package]]
name = "scikit-learn"
version = "1.3.1"
description = "A set of python modules for machine learning and data mining"
optional = false
python-versions = ">=3.8"
files = [
    {file = "scikit-learn-1.3.1.tar.gz", hash = "sha256:1a231cced3ee3fa04756b4a7ab532dc9417acd581a330adff5f2c01ac2831fcf"},
    {file = "scikit_learn-1.3.1-cp310-cp310-macosx_10_9_x86_64.whl", hash = "sha256:3153612ff8d36fa4e35ef8b897167119213698ea78f3fd130b4068e6f8d2da5a"},
    {file = "scikit_learn-1.3.1-cp310-cp310-macosx_12_0_arm64.whl", hash = "sha256:6bb9490fdb8e7e00f1354621689187bef3cab289c9b869688f805bf724434755"},
    {file = "scikit_learn-1.3.1-cp310-cp310-manylinux_2_17_aarch64.manylinux2014_aarch64.whl", hash = "sha256:a7135a03af71138669f19bc96e7d0cc8081aed4b3565cc3b131135d65fc642ba"},
    {file = "scikit_learn-1.3.1-cp310-cp310-manylinux_2_17_x86_64.manylinux2014_x86_64.whl", hash = "sha256:7d8dee8c1f40eeba49a85fe378bdf70a07bb64aba1a08fda1e0f48d27edfc3e6"},
    {file = "scikit_learn-1.3.1-cp310-cp310-win_amd64.whl", hash = "sha256:4d379f2b34096105a96bd857b88601dffe7389bd55750f6f29aaa37bc6272eb5"},
    {file = "scikit_learn-1.3.1-cp311-cp311-macosx_10_9_x86_64.whl", hash = "sha256:14e8775eba072ab10866a7e0596bc9906873e22c4c370a651223372eb62de180"},
    {file = "scikit_learn-1.3.1-cp311-cp311-macosx_12_0_arm64.whl", hash = "sha256:58b0c2490eff8355dc26e884487bf8edaccf2ba48d09b194fb2f3a026dd64f9d"},
    {file = "scikit_learn-1.3.1-cp311-cp311-manylinux_2_17_aarch64.manylinux2014_aarch64.whl", hash = "sha256:f66eddfda9d45dd6cadcd706b65669ce1df84b8549875691b1f403730bdef217"},
    {file = "scikit_learn-1.3.1-cp311-cp311-manylinux_2_17_x86_64.manylinux2014_x86_64.whl", hash = "sha256:c6448c37741145b241eeac617028ba6ec2119e1339b1385c9720dae31367f2be"},
    {file = "scikit_learn-1.3.1-cp311-cp311-win_amd64.whl", hash = "sha256:c413c2c850241998168bbb3bd1bb59ff03b1195a53864f0b80ab092071af6028"},
    {file = "scikit_learn-1.3.1-cp312-cp312-macosx_10_9_x86_64.whl", hash = "sha256:ef540e09873e31569bc8b02c8a9f745ee04d8e1263255a15c9969f6f5caa627f"},
    {file = "scikit_learn-1.3.1-cp312-cp312-macosx_12_0_arm64.whl", hash = "sha256:9147a3a4df4d401e618713880be023e36109c85d8569b3bf5377e6cd3fecdeac"},
    {file = "scikit_learn-1.3.1-cp312-cp312-manylinux_2_17_aarch64.manylinux2014_aarch64.whl", hash = "sha256:d2cd3634695ad192bf71645702b3df498bd1e246fc2d529effdb45a06ab028b4"},
    {file = "scikit_learn-1.3.1-cp312-cp312-manylinux_2_17_x86_64.manylinux2014_x86_64.whl", hash = "sha256:0c275a06c5190c5ce00af0acbb61c06374087949f643ef32d355ece12c4db043"},
    {file = "scikit_learn-1.3.1-cp312-cp312-win_amd64.whl", hash = "sha256:0e1aa8f206d0de814b81b41d60c1ce31f7f2c7354597af38fae46d9c47c45122"},
    {file = "scikit_learn-1.3.1-cp38-cp38-macosx_10_9_x86_64.whl", hash = "sha256:52b77cc08bd555969ec5150788ed50276f5ef83abb72e6f469c5b91a0009bbca"},
    {file = "scikit_learn-1.3.1-cp38-cp38-macosx_12_0_arm64.whl", hash = "sha256:a683394bc3f80b7c312c27f9b14ebea7766b1f0a34faf1a2e9158d80e860ec26"},
    {file = "scikit_learn-1.3.1-cp38-cp38-manylinux_2_17_aarch64.manylinux2014_aarch64.whl", hash = "sha256:a15d964d9eb181c79c190d3dbc2fff7338786bf017e9039571418a1d53dab236"},
    {file = "scikit_learn-1.3.1-cp38-cp38-manylinux_2_17_x86_64.manylinux2014_x86_64.whl", hash = "sha256:0ce9233cdf0cdcf0858a5849d306490bf6de71fa7603a3835124e386e62f2311"},
    {file = "scikit_learn-1.3.1-cp38-cp38-win_amd64.whl", hash = "sha256:1ec668ce003a5b3d12d020d2cde0abd64b262ac5f098b5c84cf9657deb9996a8"},
    {file = "scikit_learn-1.3.1-cp39-cp39-macosx_10_9_x86_64.whl", hash = "sha256:ccbbedae99325628c1d1cbe3916b7ef58a1ce949672d8d39c8b190e10219fd32"},
    {file = "scikit_learn-1.3.1-cp39-cp39-macosx_12_0_arm64.whl", hash = "sha256:845f81c7ceb4ea6bac64ab1c9f2ce8bef0a84d0f21f3bece2126adcc213dfecd"},
    {file = "scikit_learn-1.3.1-cp39-cp39-manylinux_2_17_aarch64.manylinux2014_aarch64.whl", hash = "sha256:8454d57a22d856f1fbf3091bd86f9ebd4bff89088819886dc0c72f47a6c30652"},
    {file = "scikit_learn-1.3.1-cp39-cp39-manylinux_2_17_x86_64.manylinux2014_x86_64.whl", hash = "sha256:8d993fb70a1d78c9798b8f2f28705bfbfcd546b661f9e2e67aa85f81052b9c53"},
    {file = "scikit_learn-1.3.1-cp39-cp39-win_amd64.whl", hash = "sha256:66f7bb1fec37d65f4ef85953e1df5d3c98a0f0141d394dcdaead5a6de9170347"},
]

[package.dependencies]
joblib = ">=1.1.1"
numpy = ">=1.17.3,<2.0"
scipy = ">=1.5.0"
threadpoolctl = ">=2.0.0"

[package.extras]
benchmark = ["matplotlib (>=3.1.3)", "memory-profiler (>=0.57.0)", "pandas (>=1.0.5)"]
docs = ["Pillow (>=7.1.2)", "matplotlib (>=3.1.3)", "memory-profiler (>=0.57.0)", "numpydoc (>=1.2.0)", "pandas (>=1.0.5)", "plotly (>=5.14.0)", "pooch (>=1.6.0)", "scikit-image (>=0.16.2)", "seaborn (>=0.9.0)", "sphinx (>=6.0.0)", "sphinx-copybutton (>=0.5.2)", "sphinx-gallery (>=0.10.1)", "sphinx-prompt (>=1.3.0)", "sphinxext-opengraph (>=0.4.2)"]
examples = ["matplotlib (>=3.1.3)", "pandas (>=1.0.5)", "plotly (>=5.14.0)", "pooch (>=1.6.0)", "scikit-image (>=0.16.2)", "seaborn (>=0.9.0)"]
tests = ["black (>=23.3.0)", "matplotlib (>=3.1.3)", "mypy (>=1.3)", "numpydoc (>=1.2.0)", "pandas (>=1.0.5)", "pooch (>=1.6.0)", "pyamg (>=4.0.0)", "pytest (>=7.1.2)", "pytest-cov (>=2.9.0)", "ruff (>=0.0.272)", "scikit-image (>=0.16.2)"]

[[package]]
name = "scipy"
version = "1.11.3"
description = "Fundamental algorithms for scientific computing in Python"
optional = false
python-versions = "<3.13,>=3.9"
files = [
    {file = "scipy-1.11.3-cp310-cp310-macosx_10_9_x86_64.whl", hash = "sha256:370f569c57e1d888304052c18e58f4a927338eafdaef78613c685ca2ea0d1fa0"},
    {file = "scipy-1.11.3-cp310-cp310-macosx_12_0_arm64.whl", hash = "sha256:9885e3e4f13b2bd44aaf2a1a6390a11add9f48d5295f7a592393ceb8991577a3"},
    {file = "scipy-1.11.3-cp310-cp310-manylinux_2_17_aarch64.manylinux2014_aarch64.whl", hash = "sha256:e04aa19acc324a1a076abb4035dabe9b64badb19f76ad9c798bde39d41025cdc"},
    {file = "scipy-1.11.3-cp310-cp310-manylinux_2_17_x86_64.manylinux2014_x86_64.whl", hash = "sha256:3e1a8a4657673bfae1e05e1e1d6e94b0cabe5ed0c7c144c8aa7b7dbb774ce5c1"},
    {file = "scipy-1.11.3-cp310-cp310-musllinux_1_1_x86_64.whl", hash = "sha256:7abda0e62ef00cde826d441485e2e32fe737bdddee3324e35c0e01dee65e2a88"},
    {file = "scipy-1.11.3-cp310-cp310-win_amd64.whl", hash = "sha256:033c3fd95d55012dd1148b201b72ae854d5086d25e7c316ec9850de4fe776929"},
    {file = "scipy-1.11.3-cp311-cp311-macosx_10_9_x86_64.whl", hash = "sha256:925c6f09d0053b1c0f90b2d92d03b261e889b20d1c9b08a3a51f61afc5f58165"},
    {file = "scipy-1.11.3-cp311-cp311-macosx_12_0_arm64.whl", hash = "sha256:5664e364f90be8219283eeb844323ff8cd79d7acbd64e15eb9c46b9bc7f6a42a"},
    {file = "scipy-1.11.3-cp311-cp311-manylinux_2_17_aarch64.manylinux2014_aarch64.whl", hash = "sha256:00f325434b6424952fbb636506f0567898dca7b0f7654d48f1c382ea338ce9a3"},
    {file = "scipy-1.11.3-cp311-cp311-manylinux_2_17_x86_64.manylinux2014_x86_64.whl", hash = "sha256:5f290cf561a4b4edfe8d1001ee4be6da60c1c4ea712985b58bf6bc62badee221"},
    {file = "scipy-1.11.3-cp311-cp311-musllinux_1_1_x86_64.whl", hash = "sha256:91770cb3b1e81ae19463b3c235bf1e0e330767dca9eb4cd73ba3ded6c4151e4d"},
    {file = "scipy-1.11.3-cp311-cp311-win_amd64.whl", hash = "sha256:e1f97cd89c0fe1a0685f8f89d85fa305deb3067d0668151571ba50913e445820"},
    {file = "scipy-1.11.3-cp312-cp312-macosx_10_9_x86_64.whl", hash = "sha256:dfcc1552add7cb7c13fb70efcb2389d0624d571aaf2c80b04117e2755a0c5d15"},
    {file = "scipy-1.11.3-cp312-cp312-macosx_12_0_arm64.whl", hash = "sha256:0d3a136ae1ff0883fffbb1b05b0b2fea251cb1046a5077d0b435a1839b3e52b7"},
    {file = "scipy-1.11.3-cp312-cp312-manylinux_2_17_aarch64.manylinux2014_aarch64.whl", hash = "sha256:bae66a2d7d5768eaa33008fa5a974389f167183c87bf39160d3fefe6664f8ddc"},
    {file = "scipy-1.11.3-cp312-cp312-manylinux_2_17_x86_64.manylinux2014_x86_64.whl", hash = "sha256:d2f6dee6cbb0e263b8142ed587bc93e3ed5e777f1f75448d24fb923d9fd4dce6"},
    {file = "scipy-1.11.3-cp312-cp312-musllinux_1_1_x86_64.whl", hash = "sha256:74e89dc5e00201e71dd94f5f382ab1c6a9f3ff806c7d24e4e90928bb1aafb280"},
    {file = "scipy-1.11.3-cp312-cp312-win_amd64.whl", hash = "sha256:90271dbde4be191522b3903fc97334e3956d7cfb9cce3f0718d0ab4fd7d8bfd6"},
    {file = "scipy-1.11.3-cp39-cp39-macosx_10_9_x86_64.whl", hash = "sha256:a63d1ec9cadecce838467ce0631c17c15c7197ae61e49429434ba01d618caa83"},
    {file = "scipy-1.11.3-cp39-cp39-macosx_12_0_arm64.whl", hash = "sha256:5305792c7110e32ff155aed0df46aa60a60fc6e52cd4ee02cdeb67eaccd5356e"},
    {file = "scipy-1.11.3-cp39-cp39-manylinux_2_17_aarch64.manylinux2014_aarch64.whl", hash = "sha256:9ea7f579182d83d00fed0e5c11a4aa5ffe01460444219dedc448a36adf0c3917"},
    {file = "scipy-1.11.3-cp39-cp39-manylinux_2_17_x86_64.manylinux2014_x86_64.whl", hash = "sha256:c77da50c9a91e23beb63c2a711ef9e9ca9a2060442757dffee34ea41847d8156"},
    {file = "scipy-1.11.3-cp39-cp39-musllinux_1_1_x86_64.whl", hash = "sha256:15f237e890c24aef6891c7d008f9ff7e758c6ef39a2b5df264650eb7900403c0"},
    {file = "scipy-1.11.3-cp39-cp39-win_amd64.whl", hash = "sha256:4b4bb134c7aa457e26cc6ea482b016fef45db71417d55cc6d8f43d799cdf9ef2"},
    {file = "scipy-1.11.3.tar.gz", hash = "sha256:bba4d955f54edd61899776bad459bf7326e14b9fa1c552181f0479cc60a568cd"},
]

[package.dependencies]
numpy = ">=1.21.6,<1.28.0"

[package.extras]
dev = ["click", "cython-lint (>=0.12.2)", "doit (>=0.36.0)", "mypy", "pycodestyle", "pydevtool", "rich-click", "ruff", "types-psutil", "typing_extensions"]
doc = ["jupytext", "matplotlib (>2)", "myst-nb", "numpydoc", "pooch", "pydata-sphinx-theme (==0.9.0)", "sphinx (!=4.1.0)", "sphinx-design (>=0.2.0)"]
test = ["asv", "gmpy2", "mpmath", "pooch", "pytest", "pytest-cov", "pytest-timeout", "pytest-xdist", "scikit-umfpack", "threadpoolctl"]

[[package]]
name = "six"
version = "1.16.0"
description = "Python 2 and 3 compatibility utilities"
optional = false
python-versions = ">=2.7, !=3.0.*, !=3.1.*, !=3.2.*"
files = [
    {file = "six-1.16.0-py2.py3-none-any.whl", hash = "sha256:8abb2f1d86890a2dfb989f9a77cfcfd3e47c2a354b01111771326f8aa26e0254"},
    {file = "six-1.16.0.tar.gz", hash = "sha256:1e61c37477a1626458e36f7b1d82aa5c9b094fa4802892072e49de9c60c4c926"},
]

[[package]]
name = "threadpoolctl"
version = "3.2.0"
description = "threadpoolctl"
optional = false
python-versions = ">=3.8"
files = [
    {file = "threadpoolctl-3.2.0-py3-none-any.whl", hash = "sha256:2b7818516e423bdaebb97c723f86a7c6b0a83d3f3b0970328d66f4d9104dc032"},
    {file = "threadpoolctl-3.2.0.tar.gz", hash = "sha256:c96a0ba3bdddeaca37dc4cc7344aafad41cdb8c313f74fdfe387a867bba93355"},
]

[metadata]
lock-version = "2.0"
python-versions = ">=3.10.0,<3.11"
content-hash = "018665aac8cca1e3d760c1d751a4f0ac610c60d301a55d8480cdee24dc1bcdc1"
